{
  "name": "mobx",
  "version": "1.0.0",
  "lockfileVersion": 2,
  "requires": true,
  "packages": {
    "": {
      "name": "mobx",
      "version": "1.0.0",
      "license": "ISC",
      "dependencies": {
        "mobx": "^6.6.1"
      }
    },
    "node_modules/mobx": {
      "version": "6.6.1",
      "resolved": "https://registry.npmjs.org/mobx/-/mobx-6.6.1.tgz",
      "integrity": "sha512-7su3UZv5JF+ohLr2opabjbUAERfXstMY+wiBtey8yNAPoB8H187RaQXuhFjNkH8aE4iHbDWnhDFZw0+5ic4nGQ==",
      "funding": {
        "type": "opencollective",
        "url": "https://opencollective.com/mobx"
      }
    }
  },
  "dependencies": {
    "mobx": {
      "version": "6.6.1",
      "resolved": "https://registry.npmjs.org/mobx/-/mobx-6.6.1.tgz",
      "integrity": "sha512-7su3UZv5JF+ohLr2opabjbUAERfXstMY+wiBtey8yNAPoB8H187RaQXuhFjNkH8aE4iHbDWnhDFZw0+5ic4nGQ=="
    }
  }
}
